
Microsoft Visual Studio Solution File, Format Version 12.00
# Visual Studio Version 16
VisualStudioVersion = 16.0.31911.196
MinimumVisualStudioVersion = 10.0.40219.1
Project("{FAE04EC0-301F-11D3-BF4B-00C04F79EFBC}") = "WeatherLowestVarianceDayFinder", "WeatherLowestVarianceDayFinder\WeatherLowestVarianceDayFinder.csproj", "{27361A7D-DCFA-4116-8F7C-D016A24D62CF}"
EndProject
Global
	GlobalSection(SolutionConfigurationPlatforms) = preSolution
		Debug|Any CPU = Debug|Any CPU
		Release|Any CPU = Release|Any CPU
	EndGlobalSection
	GlobalSection(ProjectConfigurationPlatforms) = postSolution
		{27361A7D-DCFA-4116-8F7C-D016A24D62CF}.Debug|Any CPU.ActiveCfg = Debug|Any CPU
		{27361A7D-DCFA-4116-8F7C-D016A24D62CF}.Debug|Any CPU.Build.0 = Debug|Any CPU
		{27361A7D-DCFA-4116-8F7C-D016A24D62CF}.Release|Any CPU.ActiveCfg = Release|Any CPU
		{27361A7D-DCFA-4116-8F7C-D016A24D62CF}.Release|Any CPU.Build.0 = Release|Any CPU
	EndGlobalSection
	GlobalSection(SolutionProperties) = preSolution
		HideSolutionNode = FALSE
	EndGlobalSection
	GlobalSection(ExtensibilityGlobals) = postSolution
		SolutionGuid = {C63E09B2-EC97-4107-96DC-3D5D362D1E3E}
	EndGlobalSection
EndGlobal
